// !$*UTF8*$!
{
	archiveVersion = 1;
	classes = {
	};
	objectVersion = 46;
	objects = {

/* Begin PBXBuildFile section */
		FE2769CC16AFEAA7009C859A /* 32-List-w_-Image_2.png in Resources */ = {isa = PBXBuildFile; fileRef = FE2769CA16AFEAA7009C859A /* 32-List-w_-Image_2.png */; };
		FE2769CD16AFEAA7009C859A /* 32-List-w_-Image.png in Resources */ = {isa = PBXBuildFile; fileRef = FE2769CB16AFEAA7009C859A /* 32-List-w_-Image.png */; };
		FE2769D016AFED34009C859A /* 32-Trashcan.png in Resources */ = {isa = PBXBuildFile; fileRef = FE2769CF16AFED34009C859A /* 32-Trashcan.png */; };
		FE2D5A2C16AEA0E900FC0E95 /* Cocoa.framework in Frameworks */ = {isa = PBXBuildFile; fileRef = FE2D5A2B16AEA0E900FC0E95 /* Cocoa.framework */; };
		FE2D5A3616AEA0E900FC0E95 /* InfoPlist.strings in Resources */ = {isa = PBXBuildFile; fileRef = FE2D5A3416AEA0E900FC0E95 /* InfoPlist.strings */; };
		FE2D5A3816AEA0E900FC0E95 /* main.m in Sources */ = {isa = PBXBuildFile; fileRef = FE2D5A3716AEA0E900FC0E95 /* main.m */; };
		FE2D5A3C16AEA0E900FC0E95 /* Credits.rtf in Resources */ = {isa = PBXBuildFile; fileRef = FE2D5A3A16AEA0E900FC0E95 /* Credits.rtf */; };
		FE2D5A3F16AEA0E900FC0E95 /* DHAppDelegate.m in Sources */ = {isa = PBXBuildFile; fileRef = FE2D5A3E16AEA0E900FC0E95 /* DHAppDelegate.m */; };
		FE2D5A4216AEA0E900FC0E95 /* MainMenu.xib in Resources */ = {isa = PBXBuildFile; fileRef = FE2D5A4016AEA0E900FC0E95 /* MainMenu.xib */; };
		FE2D5A4916AEA14800FC0E95 /* libsqlite3.dylib in Frameworks */ = {isa = PBXBuildFile; fileRef = FE2D5A4816AEA14800FC0E95 /* libsqlite3.dylib */; };
		FE2D5A7016AEBD2A00FC0E95 /* FMDatabase.m in Sources */ = {isa = PBXBuildFile; fileRef = FE2D5A6616AEBD0E00FC0E95 /* FMDatabase.m */; };
		FE2D5A7116AEBD2E00FC0E95 /* FMDatabaseAdditions.m in Sources */ = {isa = PBXBuildFile; fileRef = FE2D5A6816AEBD0E00FC0E95 /* FMDatabaseAdditions.m */; };
		FE2D5A7216AEBD3200FC0E95 /* FMDatabasePool.m in Sources */ = {isa = PBXBuildFile; fileRef = FE2D5A6A16AEBD0E00FC0E95 /* FMDatabasePool.m */; };
		FE2D5A7316AEBD3500FC0E95 /* FMDatabaseQueue.m in Sources */ = {isa = PBXBuildFile; fileRef = FE2D5A6C16AEBD0E00FC0E95 /* FMDatabaseQueue.m */; };
		FE2D5A7416AEBD3800FC0E95 /* FMResultSet.m in Sources */ = {isa = PBXBuildFile; fileRef = FE2D5A6F16AEBD0E00FC0E95 /* FMResultSet.m */; };
		FE2D5A7616AF082700FC0E95 /* 64-Cloud-Download.png in Resources */ = {isa = PBXBuildFile; fileRef = FE2D5A7516AF082700FC0E95 /* 64-Cloud-Download.png */; };
		FE2D5A7C16AFD89800FC0E95 /* 32-Refresh-3.png in Resources */ = {isa = PBXBuildFile; fileRef = FE2D5A7B16AFD89800FC0E95 /* 32-Refresh-3.png */; };
/* End PBXBuildFile section */

/* Begin PBXFileReference section */
		FE2769CA16AFEAA7009C859A /* 32-List-w_-Image_2.png */ = {isa = PBXFileReference; lastKnownFileType = image.png; path = "32-List-w_-Image_2.png"; sourceTree = "<group>"; };
		FE2769CB16AFEAA7009C859A /* 32-List-w_-Image.png */ = {isa = PBXFileReference; lastKnownFileType = image.png; path = "32-List-w_-Image.png"; sourceTree = "<group>"; };
		FE2769CF16AFED34009C859A /* 32-Trashcan.png */ = {isa = PBXFileReference; lastKnownFileType = image.png; path = "32-Trashcan.png"; sourceTree = "<group>"; };
		FE2D5A2716AEA0E900FC0E95 /* Download History.app */ = {isa = PBXFileReference; explicitFileType = wrapper.application; includeInIndex = 0; path = "Download History.app"; sourceTree = BUILT_PRODUCTS_DIR; };
		FE2D5A2B16AEA0E900FC0E95 /* Cocoa.framework */ = {isa = PBXFileReference; lastKnownFileType = wrapper.framework; name = Cocoa.framework; path = System/Library/Frameworks/Cocoa.framework; sourceTree = SDKROOT; };
		FE2D5A2E16AEA0E900FC0E95 /* AppKit.framework */ = {isa = PBXFileReference; lastKnownFileType = wrapper.framework; name = AppKit.framework; path = System/Library/Frameworks/AppKit.framework; sourceTree = SDKROOT; };
		FE2D5A2F16AEA0E900FC0E95 /* CoreData.framework */ = {isa = PBXFileReference; lastKnownFileType = wrapper.framework; name = CoreData.framework; path = System/Library/Frameworks/CoreData.framework; sourceTree = SDKROOT; };
		FE2D5A3016AEA0E900FC0E95 /* Foundation.framework */ = {isa = PBXFileReference; lastKnownFileType = wrapper.framework; name = Foundation.framework; path = System/Library/Frameworks/Foundation.framework; sourceTree = SDKROOT; };
		FE2D5A3316AEA0E900FC0E95 /* Download History-Info.plist */ = {isa = PBXFileReference; lastKnownFileType = text.plist.xml; path = "Download History-Info.plist"; sourceTree = "<group>"; };
		FE2D5A3516AEA0E900FC0E95 /* en */ = {isa = PBXFileReference; lastKnownFileType = text.plist.strings; name = en; path = en.lproj/InfoPlist.strings; sourceTree = "<group>"; };
		FE2D5A3716AEA0E900FC0E95 /* main.m */ = {isa = PBXFileReference; lastKnownFileType = sourcecode.c.objc; path = main.m; sourceTree = "<group>"; };
		FE2D5A3916AEA0E900FC0E95 /* Download History-Prefix.pch */ = {isa = PBXFileReference; lastKnownFileType = sourcecode.c.h; path = "Download History-Prefix.pch"; sourceTree = "<group>"; };
		FE2D5A3B16AEA0E900FC0E95 /* en */ = {isa = PBXFileReference; lastKnownFileType = text.rtf; name = en; path = en.lproj/Credits.rtf; sourceTree = "<group>"; };
		FE2D5A3D16AEA0E900FC0E95 /* DHAppDelegate.h */ = {isa = PBXFileReference; lastKnownFileType = sourcecode.c.h; path = DHAppDelegate.h; sourceTree = "<group>"; };
		FE2D5A3E16AEA0E900FC0E95 /* DHAppDelegate.m */ = {isa = PBXFileReference; lastKnownFileType = sourcecode.c.objc; path = DHAppDelegate.m; sourceTree = "<group>"; };
		FE2D5A4116AEA0E900FC0E95 /* en */ = {isa = PBXFileReference; lastKnownFileType = file.xib; name = en; path = en.lproj/MainMenu.xib; sourceTree = "<group>"; };
		FE2D5A4816AEA14800FC0E95 /* libsqlite3.dylib */ = {isa = PBXFileReference; lastKnownFileType = "compiled.mach-o.dylib"; name = libsqlite3.dylib; path = usr/lib/libsqlite3.dylib; sourceTree = SDKROOT; };
		FE2D5A6516AEBD0E00FC0E95 /* FMDatabase.h */ = {isa = PBXFileReference; lastKnownFileType = sourcecode.c.h; path = FMDatabase.h; sourceTree = "<group>"; };
		FE2D5A6616AEBD0E00FC0E95 /* FMDatabase.m */ = {isa = PBXFileReference; lastKnownFileType = sourcecode.c.objc; path = FMDatabase.m; sourceTree = "<group>"; };
		FE2D5A6716AEBD0E00FC0E95 /* FMDatabaseAdditions.h */ = {isa = PBXFileReference; lastKnownFileType = sourcecode.c.h; path = FMDatabaseAdditions.h; sourceTree = "<group>"; };
		FE2D5A6816AEBD0E00FC0E95 /* FMDatabaseAdditions.m */ = {isa = PBXFileReference; lastKnownFileType = sourcecode.c.objc; path = FMDatabaseAdditions.m; sourceTree = "<group>"; };
		FE2D5A6916AEBD0E00FC0E95 /* FMDatabasePool.h */ = {isa = PBXFileReference; lastKnownFileType = sourcecode.c.h; path = FMDatabasePool.h; sourceTree = "<group>"; };
		FE2D5A6A16AEBD0E00FC0E95 /* FMDatabasePool.m */ = {isa = PBXFileReference; lastKnownFileType = sourcecode.c.objc; path = FMDatabasePool.m; sourceTree = "<group>"; };
		FE2D5A6B16AEBD0E00FC0E95 /* FMDatabaseQueue.h */ = {isa = PBXFileReference; lastKnownFileType = sourcecode.c.h; path = FMDatabaseQueue.h; sourceTree = "<group>"; };
		FE2D5A6C16AEBD0E00FC0E95 /* FMDatabaseQueue.m */ = {isa = PBXFileReference; lastKnownFileType = sourcecode.c.objc; path = FMDatabaseQueue.m; sourceTree = "<group>"; };
		FE2D5A6E16AEBD0E00FC0E95 /* FMResultSet.h */ = {isa = PBXFileReference; lastKnownFileType = sourcecode.c.h; path = FMResultSet.h; sourceTree = "<group>"; };
		FE2D5A6F16AEBD0E00FC0E95 /* FMResultSet.m */ = {isa = PBXFileReference; lastKnownFileType = sourcecode.c.objc; path = FMResultSet.m; sourceTree = "<group>"; };
		FE2D5A7516AF082700FC0E95 /* 64-Cloud-Download.png */ = {isa = PBXFileReference; lastKnownFileType = image.png; path = "64-Cloud-Download.png"; sourceTree = "<group>"; };
		FE2D5A7B16AFD89800FC0E95 /* 32-Refresh-3.png */ = {isa = PBXFileReference; lastKnownFileType = image.png; path = "32-Refresh-3.png"; sourceTree = "<group>"; };
/* End PBXFileReference section */

/* Begin PBXFrameworksBuildPhase section */
		FE2D5A2416AEA0E900FC0E95 /* Frameworks */ = {
			isa = PBXFrameworksBuildPhase;
			buildActionMask = 2147483647;
			files = (
				FE2D5A4916AEA14800FC0E95 /* libsqlite3.dylib in Frameworks */,
				FE2D5A2C16AEA0E900FC0E95 /* Cocoa.framework in Frameworks */,
			);
			runOnlyForDeploymentPostprocessing = 0;
		};
/* End PBXFrameworksBuildPhase section */

/* Begin PBXGroup section */
		FE2769D116AFED3D009C859A /* Assets */ = {
			isa = PBXGroup;
			children = (
				FE2769CA16AFEAA7009C859A /* 32-List-w_-Image_2.png */,
				FE2769CB16AFEAA7009C859A /* 32-List-w_-Image.png */,
				FE2D5A7516AF082700FC0E95 /* 64-Cloud-Download.png */,
				FE2769CF16AFED34009C859A /* 32-Trashcan.png */,
				FE2D5A7B16AFD89800FC0E95 /* 32-Refresh-3.png */,
			);
			name = Assets;
			sourceTree = "<group>";
		};
		FE2D5A1C16AEA0E900FC0E95 = {
			isa = PBXGroup;
			children = (
				FE2D5A3116AEA0E900FC0E95 /* Download History */,
				FE2D5A2A16AEA0E900FC0E95 /* Frameworks */,
				FE2D5A2816AEA0E900FC0E95 /* Products */,
			);
			sourceTree = "<group>";
		};
		FE2D5A2816AEA0E900FC0E95 /* Products */ = {
			isa = PBXGroup;
			children = (
				FE2D5A2716AEA0E900FC0E95 /* Download History.app */,
			);
			name = Products;
			sourceTree = "<group>";
		};
		FE2D5A2A16AEA0E900FC0E95 /* Frameworks */ = {
			isa = PBXGroup;
			children = (
				FE2D5A4816AEA14800FC0E95 /* libsqlite3.dylib */,
				FE2D5A2B16AEA0E900FC0E95 /* Cocoa.framework */,
				FE2D5A2D16AEA0E900FC0E95 /* Other Frameworks */,
			);
			name = Frameworks;
			sourceTree = "<group>";
		};
		FE2D5A2D16AEA0E900FC0E95 /* Other Frameworks */ = {
			isa = PBXGroup;
			children = (
				FE2D5A2E16AEA0E900FC0E95 /* AppKit.framework */,
				FE2D5A2F16AEA0E900FC0E95 /* CoreData.framework */,
				FE2D5A3016AEA0E900FC0E95 /* Foundation.framework */,
			);
			name = "Other Frameworks";
			sourceTree = "<group>";
		};
		FE2D5A3116AEA0E900FC0E95 /* Download History */ = {
			isa = PBXGroup;
			children = (
				FE2D5A6416AEBCF900FC0E95 /* FMDB */,
				FE2D5A3D16AEA0E900FC0E95 /* DHAppDelegate.h */,
				FE2D5A3E16AEA0E900FC0E95 /* DHAppDelegate.m */,
				FE2D5A4016AEA0E900FC0E95 /* MainMenu.xib */,
				FE2D5A3216AEA0E900FC0E95 /* Supporting Files */,
			);
			path = "Download History";
			sourceTree = "<group>";
		};
		FE2D5A3216AEA0E900FC0E95 /* Supporting Files */ = {
			isa = PBXGroup;
			children = (
				FE2769D116AFED3D009C859A /* Assets */,
				FE2D5A3316AEA0E900FC0E95 /* Download History-Info.plist */,
				FE2D5A3416AEA0E900FC0E95 /* InfoPlist.strings */,
				FE2D5A3716AEA0E900FC0E95 /* main.m */,
				FE2D5A3916AEA0E900FC0E95 /* Download History-Prefix.pch */,
				FE2D5A3A16AEA0E900FC0E95 /* Credits.rtf */,
			);
			name = "Supporting Files";
			sourceTree = "<group>";
		};
		FE2D5A6416AEBCF900FC0E95 /* FMDB */ = {
			isa = PBXGroup;
			children = (
				FE2D5A6516AEBD0E00FC0E95 /* FMDatabase.h */,
				FE2D5A6616AEBD0E00FC0E95 /* FMDatabase.m */,
				FE2D5A6716AEBD0E00FC0E95 /* FMDatabaseAdditions.h */,
				FE2D5A6816AEBD0E00FC0E95 /* FMDatabaseAdditions.m */,
				FE2D5A6916AEBD0E00FC0E95 /* FMDatabasePool.h */,
				FE2D5A6A16AEBD0E00FC0E95 /* FMDatabasePool.m */,
				FE2D5A6B16AEBD0E00FC0E95 /* FMDatabaseQueue.h */,
				FE2D5A6C16AEBD0E00FC0E95 /* FMDatabaseQueue.m */,
				FE2D5A6E16AEBD0E00FC0E95 /* FMResultSet.h */,
				FE2D5A6F16AEBD0E00FC0E95 /* FMResultSet.m */,
			);
			name = FMDB;
			sourceTree = "<group>";
		};
/* End PBXGroup section */

/* Begin PBXNativeTarget section */
		FE2D5A2616AEA0E900FC0E95 /* Download History */ = {
			isa = PBXNativeTarget;
			buildConfigurationList = FE2D5A4516AEA0E900FC0E95 /* Build configuration list for PBXNativeTarget "Download History" */;
			buildPhases = (
				FE2D5A2316AEA0E900FC0E95 /* Sources */,
				FE2D5A2416AEA0E900FC0E95 /* Frameworks */,
				FE2D5A2516AEA0E900FC0E95 /* Resources */,
			);
			buildRules = (
			);
			dependencies = (
			);
			name = "Download History";
			productName = "Download History";
			productReference = FE2D5A2716AEA0E900FC0E95 /* Download History.app */;
			productType = "com.apple.product-type.application";
		};
/* End PBXNativeTarget section */

/* Begin PBXProject section */
		FE2D5A1E16AEA0E900FC0E95 /* Project object */ = {
			isa = PBXProject;
			attributes = {
				CLASSPREFIX = DH;
				LastUpgradeCheck = 0450;
				ORGANIZATIONNAME = "Ferruccio Vitale";
			};
			buildConfigurationList = FE2D5A2116AEA0E900FC0E95 /* Build configuration list for PBXProject "Download History" */;
			compatibilityVersion = "Xcode 3.2";
			developmentRegion = English;
			hasScannedForEncodings = 0;
			knownRegions = (
				en,
			);
			mainGroup = FE2D5A1C16AEA0E900FC0E95;
			productRefGroup = FE2D5A2816AEA0E900FC0E95 /* Products */;
			projectDirPath = "";
			projectRoot = "";
			targets = (
				FE2D5A2616AEA0E900FC0E95 /* Download History */,
			);
		};
/* End PBXProject section */

/* Begin PBXResourcesBuildPhase section */
		FE2D5A2516AEA0E900FC0E95 /* Resources */ = {
			isa = PBXResourcesBuildPhase;
			buildActionMask = 2147483647;
			files = (
				FE2D5A3616AEA0E900FC0E95 /* InfoPlist.strings in Resources */,
				FE2D5A3C16AEA0E900FC0E95 /* Credits.rtf in Resources */,
				FE2D5A4216AEA0E900FC0E95 /* MainMenu.xib in Resources */,
				FE2D5A7616AF082700FC0E95 /* 64-Cloud-Download.png in Resources */,
				FE2D5A7C16AFD89800FC0E95 /* 32-Refresh-3.png in Resources */,
				FE2769CC16AFEAA7009C859A /* 32-List-w_-Image_2.png in Resources */,
				FE2769CD16AFEAA7009C859A /* 32-List-w_-Image.png in Resources */,
				FE2769D016AFED34009C859A /* 32-Trashcan.png in Resources */,
			);
			runOnlyForDeploymentPostprocessing = 0;
		};
/* End PBXResourcesBuildPhase section */

/* Begin PBXSourcesBuildPhase section */
		FE2D5A2316AEA0E900FC0E95 /* Sources */ = {
			isa = PBXSourcesBuildPhase;
			buildActionMask = 2147483647;
			files = (
				FE2D5A3816AEA0E900FC0E95 /* main.m in Sources */,
				FE2D5A3F16AEA0E900FC0E95 /* DHAppDelegate.m in Sources */,
				FE2D5A7016AEBD2A00FC0E95 /* FMDatabase.m in Sources */,
				FE2D5A7116AEBD2E00FC0E95 /* FMDatabaseAdditions.m in Sources */,
				FE2D5A7216AEBD3200FC0E95 /* FMDatabasePool.m in Sources */,
				FE2D5A7316AEBD3500FC0E95 /* FMDatabaseQueue.m in Sources */,
				FE2D5A7416AEBD3800FC0E95 /* FMResultSet.m in Sources */,
			);
			runOnlyForDeploymentPostprocessing = 0;
		};
/* End PBXSourcesBuildPhase section */

/* Begin PBXVariantGroup section */
		FE2D5A3416AEA0E900FC0E95 /* InfoPlist.strings */ = {
			isa = PBXVariantGroup;
			children = (
				FE2D5A3516AEA0E900FC0E95 /* en */,
			);
			name = InfoPlist.strings;
			sourceTree = "<group>";
		};
		FE2D5A3A16AEA0E900FC0E95 /* Credits.rtf */ = {
			isa = PBXVariantGroup;
			children = (
				FE2D5A3B16AEA0E900FC0E95 /* en */,
			);
			name = Credits.rtf;
			sourceTree = "<group>";
		};
		FE2D5A4016AEA0E900FC0E95 /* MainMenu.xib */ = {
			isa = PBXVariantGroup;
			children = (
				FE2D5A4116AEA0E900FC0E95 /* en */,
			);
			name = MainMenu.xib;
			sourceTree = "<group>";
		};
/* End PBXVariantGroup section */

/* Begin XCBuildConfiguration section */
		FE2D5A4316AEA0E900FC0E95 /* Debug */ = {
			isa = XCBuildConfiguration;
			buildSettings = {
				ALWAYS_SEARCH_USER_PATHS = NO;
				ARCHS = "$(ARCHS_STANDARD_64_BIT)";
				CLANG_CXX_LANGUAGE_STANDARD = "gnu++0x";
				CLANG_CXX_LIBRARY = "libc++";
				CLANG_ENABLE_OBJC_ARC = YES;
				CLANG_WARN_EMPTY_BODY = YES;
				CLANG_WARN__DUPLICATE_METHOD_MATCH = YES;
				COPY_PHASE_STRIP = NO;
				GCC_C_LANGUAGE_STANDARD = gnu99;
				GCC_DYNAMIC_NO_PIC = NO;
				GCC_ENABLE_OBJC_EXCEPTIONS = YES;
				GCC_OPTIMIZATION_LEVEL = 0;
				GCC_PREPROCESSOR_DEFINITIONS = (
					"DEBUG=1",
					"$(inherited)",
				);
				GCC_SYMBOLS_PRIVATE_EXTERN = NO;
				GCC_WARN_64_TO_32_BIT_CONVERSION = YES;
				GCC_WARN_ABOUT_RETURN_TYPE = YES;
				GCC_WARN_UNINITIALIZED_AUTOS = YES;
				GCC_WARN_UNUSED_VARIABLE = YES;
				MACOSX_DEPLOYMENT_TARGET = 10.8;
				ONLY_ACTIVE_ARCH = YES;
				SDKROOT = macosx;
			};
			name = Debug;
		};
		FE2D5A4416AEA0E900FC0E95 /* Release */ = {
			isa = XCBuildConfiguration;
			buildSettings = {
				ALWAYS_SEARCH_USER_PATHS = NO;
				ARCHS = "$(ARCHS_STANDARD_64_BIT)";
				CLANG_CXX_LANGUAGE_STANDARD = "gnu++0x";
				CLANG_CXX_LIBRARY = "libc++";
				CLANG_ENABLE_OBJC_ARC = YES;
				CLANG_WARN_EMPTY_BODY = YES;
				CLANG_WARN__DUPLICATE_METHOD_MATCH = YES;
				COPY_PHASE_STRIP = YES;
				DEBUG_INFORMATION_FORMAT = "dwarf-with-dsym";
				GCC_C_LANGUAGE_STANDARD = gnu99;
				GCC_ENABLE_OBJC_EXCEPTIONS = YES;
				GCC_WARN_64_TO_32_BIT_CONVERSION = YES;
				GCC_WARN_ABOUT_RETURN_TYPE = YES;
				GCC_WARN_UNINITIALIZED_AUTOS = YES;
				GCC_WARN_UNUSED_VARIABLE = YES;
				MACOSX_DEPLOYMENT_TARGET = 10.8;
				SDKROOT = macosx;
			};
			name = Release;
		};
		FE2D5A4616AEA0E900FC0E95 /* Debug */ = {
			isa = XCBuildConfiguration;
			buildSettings = {
				COMBINE_HIDPI_IMAGES = YES;
				GCC_PRECOMPILE_PREFIX_HEADER = YES;
				GCC_PREFIX_HEADER = "Download History/Download History-Prefix.pch";
				HEADER_SEARCH_PATHS = "../../fmdb-master/**";
				INFOPLIST_FILE = "Download History/Download History-Info.plist";
				PRODUCT_NAME = "$(TARGET_NAME)";
				WRAPPER_EXTENSION = app;
			};
			name = Debug;
		};
		FE2D5A4716AEA0E900FC0E95 /* Release */ = {
			isa = XCBuildConfiguration;
			buildSettings = {
				COMBINE_HIDPI_IMAGES = YES;
				GCC_PRECOMPILE_PREFIX_HEADER = YES;
				GCC_PREFIX_HEADER = "Download History/Download History-Prefix.pch";
				INFOPLIST_FILE = "Download History/Download History-Info.plist";
				PRODUCT_NAME = "$(TARGET_NAME)";
				WRAPPER_EXTENSION = app;
			};
			name = Release;
		};
/* End XCBuildConfiguration section */

/* Begin XCConfigurationList section */
		FE2D5A2116AEA0E900FC0E95 /* Build configuration list for PBXProject "Download History" */ = {
			isa = XCConfigurationList;
			buildConfigurations = (
				FE2D5A4316AEA0E900FC0E95 /* Debug */,
				FE2D5A4416AEA0E900FC0E95 /* Release */,
			);
			defaultConfigurationIsVisible = 0;
			defaultConfigurationName = Release;
		};
		FE2D5A4516AEA0E900FC0E95 /* Build configuration list for PBXNativeTarget "Download History" */ = {
			isa = XCConfigurationList;
			buildConfigurations = (
				FE2D5A4616AEA0E900FC0E95 /* Debug */,
				FE2D5A4716AEA0E900FC0E95 /* Release */,
			);
			defaultConfigurationIsVisible = 0;
			defaultConfigurationName = Release;
		};
/* End XCConfigurationList section */
	};
	rootObject = FE2D5A1E16AEA0E900FC0E95 /* Project object */;
}
